
Microsoft Visual Studio Solution File, Format Version 12.00
# Visual Studio 15
VisualStudioVersion = 15.0.27130.2027
MinimumVisualStudioVersion = 10.0.40219.1
Project("{FAE04EC0-301F-11D3-BF4B-00C04F79EFBC}") = "Test", "Test\Test.csproj", "{632CEA0C-C70A-4403-AEBD-56F1986769C3}"
EndProject
Project("{FAE04EC0-301F-11D3-BF4B-00C04F79EFBC}") = "SpritzGUI", "GUI\SpritzGUI.csproj", "{67A9184C-E25A-47AD-B2D0-B2D8AE031AC7}"
EndProject
Project("{FAE04EC0-301F-11D3-BF4B-00C04F79EFBC}") = "CMDOptions", "CMDOptions\CMDOptions.csproj", "{FD63A716-0043-4F93-B7F0-2A43E7A0E219}"
EndProject
Project("{9A19103F-16F7-4668-BE54-9A1E7A4F7556}") = "CMD", "CMD\CMD.csproj", "{FC40EECA-52C7-47D2-A27E-54BEBAD219A6}"
EndProject
Project("{9A19103F-16F7-4668-BE54-9A1E7A4F7556}") = "ToolWrapperLayer", "ToolWrapperLayer\ToolWrapperLayer.csproj", "{06431FC1-53AB-4C0B-A95E-C179A32371BC}"
EndProject
Project("{9A19103F-16F7-4668-BE54-9A1E7A4F7556}") = "WorkflowLayer", "WorkflowLayer\WorkflowLayer.csproj", "{A234687B-735D-458C-982F-FB2BC3EC3A7C}"
EndProject
Global
	GlobalSection(SolutionConfigurationPlatforms) = preSolution
		Debug|Any CPU = Debug|Any CPU
		Debug|x64 = Debug|x64
		Release|Any CPU = Release|Any CPU
		Release|x64 = Release|x64
	EndGlobalSection
	GlobalSection(ProjectConfigurationPlatforms) = postSolution
		{632CEA0C-C70A-4403-AEBD-56F1986769C3}.Debug|Any CPU.ActiveCfg = Debug|Any CPU
		{632CEA0C-C70A-4403-AEBD-56F1986769C3}.Debug|Any CPU.Build.0 = Debug|Any CPU
		{632CEA0C-C70A-4403-AEBD-56F1986769C3}.Debug|x64.ActiveCfg = Debug|Any CPU
		{632CEA0C-C70A-4403-AEBD-56F1986769C3}.Debug|x64.Build.0 = Debug|Any CPU
		{632CEA0C-C70A-4403-AEBD-56F1986769C3}.Release|Any CPU.ActiveCfg = Release|Any CPU
		{632CEA0C-C70A-4403-AEBD-56F1986769C3}.Release|Any CPU.Build.0 = Release|Any CPU
		{632CEA0C-C70A-4403-AEBD-56F1986769C3}.Release|x64.ActiveCfg = Release|Any CPU
		{632CEA0C-C70A-4403-AEBD-56F1986769C3}.Release|x64.Build.0 = Release|Any CPU
		{67A9184C-E25A-47AD-B2D0-B2D8AE031AC7}.Debug|Any CPU.ActiveCfg = Debug|Any CPU
		{67A9184C-E25A-47AD-B2D0-B2D8AE031AC7}.Debug|Any CPU.Build.0 = Debug|Any CPU
		{67A9184C-E25A-47AD-B2D0-B2D8AE031AC7}.Debug|x64.ActiveCfg = Debug|Any CPU
		{67A9184C-E25A-47AD-B2D0-B2D8AE031AC7}.Debug|x64.Build.0 = Debug|Any CPU
		{67A9184C-E25A-47AD-B2D0-B2D8AE031AC7}.Release|Any CPU.ActiveCfg = Release|Any CPU
		{67A9184C-E25A-47AD-B2D0-B2D8AE031AC7}.Release|Any CPU.Build.0 = Release|Any CPU
		{67A9184C-E25A-47AD-B2D0-B2D8AE031AC7}.Release|x64.ActiveCfg = Release|Any CPU
		{67A9184C-E25A-47AD-B2D0-B2D8AE031AC7}.Release|x64.Build.0 = Release|Any CPU
		{FD63A716-0043-4F93-B7F0-2A43E7A0E219}.Debug|Any CPU.ActiveCfg = Debug|Any CPU
		{FD63A716-0043-4F93-B7F0-2A43E7A0E219}.Debug|Any CPU.Build.0 = Debug|Any CPU
		{FD63A716-0043-4F93-B7F0-2A43E7A0E219}.Debug|x64.ActiveCfg = Debug|Any CPU
		{FD63A716-0043-4F93-B7F0-2A43E7A0E219}.Debug|x64.Build.0 = Debug|Any CPU
		{FD63A716-0043-4F93-B7F0-2A43E7A0E219}.Release|Any CPU.ActiveCfg = Release|Any CPU
		{FD63A716-0043-4F93-B7F0-2A43E7A0E219}.Release|Any CPU.Build.0 = Release|Any CPU
		{FD63A716-0043-4F93-B7F0-2A43E7A0E219}.Release|x64.ActiveCfg = Release|Any CPU
		{FD63A716-0043-4F93-B7F0-2A43E7A0E219}.Release|x64.Build.0 = Release|Any CPU
		{FC40EECA-52C7-47D2-A27E-54BEBAD219A6}.Debug|Any CPU.ActiveCfg = Debug|Any CPU
		{FC40EECA-52C7-47D2-A27E-54BEBAD219A6}.Debug|Any CPU.Build.0 = Debug|Any CPU
		{FC40EECA-52C7-47D2-A27E-54BEBAD219A6}.Debug|x64.ActiveCfg = Debug|Any CPU
		{FC40EECA-52C7-47D2-A27E-54BEBAD219A6}.Debug|x64.Build.0 = Debug|Any CPU
		{FC40EECA-52C7-47D2-A27E-54BEBAD219A6}.Release|Any CPU.ActiveCfg = Release|Any CPU
		{FC40EECA-52C7-47D2-A27E-54BEBAD219A6}.Release|Any CPU.Build.0 = Release|Any CPU
		{FC40EECA-52C7-47D2-A27E-54BEBAD219A6}.Release|x64.ActiveCfg = Release|Any CPU
		{FC40EECA-52C7-47D2-A27E-54BEBAD219A6}.Release|x64.Build.0 = Release|Any CPU
		{06431FC1-53AB-4C0B-A95E-C179A32371BC}.Debug|Any CPU.ActiveCfg = Debug|Any CPU
		{06431FC1-53AB-4C0B-A95E-C179A32371BC}.Debug|Any CPU.Build.0 = Debug|Any CPU
		{06431FC1-53AB-4C0B-A95E-C179A32371BC}.Debug|x64.ActiveCfg = Debug|Any CPU
		{06431FC1-53AB-4C0B-A95E-C179A32371BC}.Debug|x64.Build.0 = Debug|Any CPU
		{06431FC1-53AB-4C0B-A95E-C179A32371BC}.Release|Any CPU.ActiveCfg = Release|Any CPU
		{06431FC1-53AB-4C0B-A95E-C179A32371BC}.Release|Any CPU.Build.0 = Release|Any CPU
		{06431FC1-53AB-4C0B-A95E-C179A32371BC}.Release|x64.ActiveCfg = Release|Any CPU
		{06431FC1-53AB-4C0B-A95E-C179A32371BC}.Release|x64.Build.0 = Release|Any CPU
		{A234687B-735D-458C-982F-FB2BC3EC3A7C}.Debug|Any CPU.ActiveCfg = Debug|Any CPU
		{A234687B-735D-458C-982F-FB2BC3EC3A7C}.Debug|Any CPU.Build.0 = Debug|Any CPU
		{A234687B-735D-458C-982F-FB2BC3EC3A7C}.Debug|x64.ActiveCfg = Debug|Any CPU
		{A234687B-735D-458C-982F-FB2BC3EC3A7C}.Debug|x64.Build.0 = Debug|Any CPU
		{A234687B-735D-458C-982F-FB2BC3EC3A7C}.Release|Any CPU.ActiveCfg = Release|Any CPU
		{A234687B-735D-458C-982F-FB2BC3EC3A7C}.Release|Any CPU.Build.0 = Release|Any CPU
		{A234687B-735D-458C-982F-FB2BC3EC3A7C}.Release|x64.ActiveCfg = Release|Any CPU
		{A234687B-735D-458C-982F-FB2BC3EC3A7C}.Release|x64.Build.0 = Release|Any CPU
	EndGlobalSection
	GlobalSection(SolutionProperties) = preSolution
		HideSolutionNode = FALSE
	EndGlobalSection
	GlobalSection(ExtensibilityGlobals) = postSolution
		SolutionGuid = {079F498C-53BD-40BD-979A-EC49D5DA22A0}
	EndGlobalSection
EndGlobal
